
Microsoft Visual Studio Solution File, Format Version 12.00
Project("{FAE04EC0-301F-11D3-BF4B-00C04F79EFBC}") = "Localizer.Core", "src\Localizer.Core\Localizer.Core.csproj", "{F5BF726E-6E23-4005-BA21-DDE03E3861A4}"
EndProject
Project("{2150E333-8FDC-42A3-9474-1A3956D46DE8}") = "src", "src", "{6B3EE8F1-36E9-4F60-9DD1-86E5E4726084}"
EndProject
Project("{2150E333-8FDC-42A3-9474-1A3956D46DE8}") = "tests", "tests", "{1A49AA52-C0C1-4E96-A3AA-8FA446820DB0}"
EndProject
Project("{FAE04EC0-301F-11D3-BF4B-00C04F79EFBC}") = "Localizer.Tests", "tests\Localizer.Tests\Localizer.Tests.csproj", "{38413B92-CB16-4B19-A501-8B790FB672E9}"
EndProject
Project("{FAE04EC0-301F-11D3-BF4B-00C04F79EFBC}") = "Localizer.Infrastructure", "src\Localizer.Infrastructure\Localizer.Infrastructure.csproj", "{19F982D7-4761-4052-84EE-8507EF0543AE}"
EndProject
Project("{FAE04EC0-301F-11D3-BF4B-00C04F79EFBC}") = "Localizer", "src\Localizer\Localizer.csproj", "{0A0FBB10-AD8B-4EE1-9360-F28837B68373}"
EndProject
Project("{2150E333-8FDC-42A3-9474-1A3956D46DE8}") = "_files", "_files", "{1D0D8203-9EC4-4E35-B29A-7B662EB21F41}"
	ProjectSection(SolutionItems) = preProject
		Directory.Build.props = Directory.Build.props
		.gitignore = .gitignore
		Directory.Packages.props = Directory.Packages.props
		version.json = version.json
	EndProjectSection
EndProject
Project("{FAE04EC0-301F-11D3-BF4B-00C04F79EFBC}") = "Localizer.Application", "src\Localizer.Application\Localizer.Application.csproj", "{8427B269-2791-4928-AD16-849B75967BC3}"
EndProject
Project("{FAE04EC0-301F-11D3-BF4B-00C04F79EFBC}") = "Build", "build\Build.csproj", "{2D7BB343-D3A8-4B0C-85C2-B9298380FD8C}"
EndProject
Project("{2150E333-8FDC-42A3-9474-1A3956D46DE8}") = "build", "build", "{7C0F6564-8BB1-4B6E-8F65-4684D199D81D}"
EndProject
Global
	GlobalSection(SolutionConfigurationPlatforms) = preSolution
		Debug|Any CPU = Debug|Any CPU
		Release|Any CPU = Release|Any CPU
	EndGlobalSection
	GlobalSection(ProjectConfigurationPlatforms) = postSolution
		{F5BF726E-6E23-4005-BA21-DDE03E3861A4}.Debug|Any CPU.ActiveCfg = Debug|Any CPU
		{F5BF726E-6E23-4005-BA21-DDE03E3861A4}.Debug|Any CPU.Build.0 = Debug|Any CPU
		{F5BF726E-6E23-4005-BA21-DDE03E3861A4}.Release|Any CPU.ActiveCfg = Release|Any CPU
		{F5BF726E-6E23-4005-BA21-DDE03E3861A4}.Release|Any CPU.Build.0 = Release|Any CPU
		{38413B92-CB16-4B19-A501-8B790FB672E9}.Debug|Any CPU.ActiveCfg = Debug|Any CPU
		{38413B92-CB16-4B19-A501-8B790FB672E9}.Debug|Any CPU.Build.0 = Debug|Any CPU
		{38413B92-CB16-4B19-A501-8B790FB672E9}.Release|Any CPU.ActiveCfg = Release|Any CPU
		{38413B92-CB16-4B19-A501-8B790FB672E9}.Release|Any CPU.Build.0 = Release|Any CPU
		{19F982D7-4761-4052-84EE-8507EF0543AE}.Debug|Any CPU.ActiveCfg = Debug|Any CPU
		{19F982D7-4761-4052-84EE-8507EF0543AE}.Debug|Any CPU.Build.0 = Debug|Any CPU
		{19F982D7-4761-4052-84EE-8507EF0543AE}.Release|Any CPU.ActiveCfg = Release|Any CPU
		{19F982D7-4761-4052-84EE-8507EF0543AE}.Release|Any CPU.Build.0 = Release|Any CPU
		{0A0FBB10-AD8B-4EE1-9360-F28837B68373}.Debug|Any CPU.ActiveCfg = Debug|Any CPU
		{0A0FBB10-AD8B-4EE1-9360-F28837B68373}.Debug|Any CPU.Build.0 = Debug|Any CPU
		{0A0FBB10-AD8B-4EE1-9360-F28837B68373}.Release|Any CPU.ActiveCfg = Release|Any CPU
		{0A0FBB10-AD8B-4EE1-9360-F28837B68373}.Release|Any CPU.Build.0 = Release|Any CPU
		{8427B269-2791-4928-AD16-849B75967BC3}.Debug|Any CPU.ActiveCfg = Debug|Any CPU
		{8427B269-2791-4928-AD16-849B75967BC3}.Debug|Any CPU.Build.0 = Debug|Any CPU
		{8427B269-2791-4928-AD16-849B75967BC3}.Release|Any CPU.ActiveCfg = Release|Any CPU
		{8427B269-2791-4928-AD16-849B75967BC3}.Release|Any CPU.Build.0 = Release|Any CPU
		{2D7BB343-D3A8-4B0C-85C2-B9298380FD8C}.Debug|Any CPU.ActiveCfg = Debug|Any CPU
		{2D7BB343-D3A8-4B0C-85C2-B9298380FD8C}.Debug|Any CPU.Build.0 = Debug|Any CPU
		{2D7BB343-D3A8-4B0C-85C2-B9298380FD8C}.Release|Any CPU.ActiveCfg = Release|Any CPU
		{2D7BB343-D3A8-4B0C-85C2-B9298380FD8C}.Release|Any CPU.Build.0 = Release|Any CPU
	EndGlobalSection
	GlobalSection(NestedProjects) = preSolution
		{F5BF726E-6E23-4005-BA21-DDE03E3861A4} = {6B3EE8F1-36E9-4F60-9DD1-86E5E4726084}
		{38413B92-CB16-4B19-A501-8B790FB672E9} = {1A49AA52-C0C1-4E96-A3AA-8FA446820DB0}
		{19F982D7-4761-4052-84EE-8507EF0543AE} = {6B3EE8F1-36E9-4F60-9DD1-86E5E4726084}
		{0A0FBB10-AD8B-4EE1-9360-F28837B68373} = {6B3EE8F1-36E9-4F60-9DD1-86E5E4726084}
		{8427B269-2791-4928-AD16-849B75967BC3} = {6B3EE8F1-36E9-4F60-9DD1-86E5E4726084}
		{2D7BB343-D3A8-4B0C-85C2-B9298380FD8C} = {7C0F6564-8BB1-4B6E-8F65-4684D199D81D}
	EndGlobalSection
EndGlobal
